// !$*UTF8*$!
{
	archiveVersion = 1;
	classes = {
	};
	objectVersion = 55;
	objects = {

/* Begin PBXBuildFile section */
		1B278E80E3061E36D4AC51B7 /* Pods_Capstone_CapstoneUITests.framework in Frameworks */ = {isa = PBXBuildFile; fileRef = 14CC08F12CC53C926E117423 /* Pods_Capstone_CapstoneUITests.framework */; };
		2D2693592875F5AA0074A934 /* Keys.plist in Resources */ = {isa = PBXBuildFile; fileRef = 2D2693582875F5AA0074A934 /* Keys.plist */; };
		2D26935C2876090F0074A934 /* MapViewController.m in Sources */ = {isa = PBXBuildFile; fileRef = 2D26935B2876090F0074A934 /* MapViewController.m */; };
		2D26935F2876091B0074A934 /* CalendarViewController.m in Sources */ = {isa = PBXBuildFile; fileRef = 2D26935E2876091B0074A934 /* CalendarViewController.m */; };
		2D269364287639470074A934 /* custom_pin.png in Resources */ = {isa = PBXBuildFile; fileRef = 2D269363287639470074A934 /* custom_pin.png */; };
		2D26936F287765C20074A934 /* Post.m in Sources */ = {isa = PBXBuildFile; fileRef = 2D26936E287765C20074A934 /* Post.m */; };
		2D2693722877674E0074A934 /* PostCell.m in Sources */ = {isa = PBXBuildFile; fileRef = 2D2693712877674E0074A934 /* PostCell.m */; };
		2D269374287769300074A934 /* InfoWindow.xib in Resources */ = {isa = PBXBuildFile; fileRef = 2D269373287769300074A934 /* InfoWindow.xib */; };
		2D2693772877752B0074A934 /* CustomInfoWindow.m in Sources */ = {isa = PBXBuildFile; fileRef = 2D2693762877752B0074A934 /* CustomInfoWindow.m */; };
		2D2693792878B54E0074A934 /* UserNotifications.framework in Frameworks */ = {isa = PBXBuildFile; fileRef = 2D2693782878B54E0074A934 /* UserNotifications.framework */; };
		2D6A780F2874A0A1008786BF /* AppDelegate.m in Sources */ = {isa = PBXBuildFile; fileRef = 2D6A780E2874A0A1008786BF /* AppDelegate.m */; };
		2D6A78122874A0A1008786BF /* SceneDelegate.m in Sources */ = {isa = PBXBuildFile; fileRef = 2D6A78112874A0A1008786BF /* SceneDelegate.m */; };
		2D6A78182874A0A1008786BF /* Main.storyboard in Resources */ = {isa = PBXBuildFile; fileRef = 2D6A78162874A0A1008786BF /* Main.storyboard */; };
		2D6A781A2874A0A3008786BF /* Assets.xcassets in Resources */ = {isa = PBXBuildFile; fileRef = 2D6A78192874A0A3008786BF /* Assets.xcassets */; };
		2D6A781D2874A0A3008786BF /* LaunchScreen.storyboard in Resources */ = {isa = PBXBuildFile; fileRef = 2D6A781B2874A0A3008786BF /* LaunchScreen.storyboard */; };
		2D6A78202874A0A3008786BF /* main.m in Sources */ = {isa = PBXBuildFile; fileRef = 2D6A781F2874A0A3008786BF /* main.m */; };
		2D6A782A2874A0A3008786BF /* CapstoneTests.m in Sources */ = {isa = PBXBuildFile; fileRef = 2D6A78292874A0A3008786BF /* CapstoneTests.m */; };
		2D6A78342874A0A3008786BF /* CapstoneUITests.m in Sources */ = {isa = PBXBuildFile; fileRef = 2D6A78332874A0A3008786BF /* CapstoneUITests.m */; };
		2D6A78362874A0A3008786BF /* CapstoneUITestsLaunchTests.m in Sources */ = {isa = PBXBuildFile; fileRef = 2D6A78352874A0A3008786BF /* CapstoneUITestsLaunchTests.m */; };
		2D6A784B2874F0D8008786BF /* WelcomeViewController.m in Sources */ = {isa = PBXBuildFile; fileRef = 2D6A784A2874F0D8008786BF /* WelcomeViewController.m */; };
		2D6A784E2874F2B5008786BF /* LoginViewController.m in Sources */ = {isa = PBXBuildFile; fileRef = 2D6A784D2874F2B5008786BF /* LoginViewController.m */; };
		2D6A78512874F2BF008786BF /* RegisterViewController.m in Sources */ = {isa = PBXBuildFile; fileRef = 2D6A78502874F2BF008786BF /* RegisterViewController.m */; };
		2D6A78522874FC28008786BF /* Virtuous-Slab-Bold.otf in Resources */ = {isa = PBXBuildFile; fileRef = 2D6A78432874BE45008786BF /* Virtuous-Slab-Bold.otf */; };
		2D6A78532874FC2F008786BF /* Virtuous-Slab-Hairline.otf in Resources */ = {isa = PBXBuildFile; fileRef = 2D6A78452874BE45008786BF /* Virtuous-Slab-Hairline.otf */; };
		2D6A78542874FC33008786BF /* Virtuous-Slab-Italic.otf in Resources */ = {isa = PBXBuildFile; fileRef = 2D6A78462874BE46008786BF /* Virtuous-Slab-Italic.otf */; };
		2D6A78552874FC37008786BF /* Virtuous-Slab-Thin.otf in Resources */ = {isa = PBXBuildFile; fileRef = 2D6A78442874BE45008786BF /* Virtuous-Slab-Thin.otf */; };
		2D6A78562874FC3A008786BF /* Virtuous-Slab.otf in Resources */ = {isa = PBXBuildFile; fileRef = 2D6A78422874BE45008786BF /* Virtuous-Slab.otf */; };
		2D6A78572874FCDA008786BF /* Virtuous-Slab-Thin.otf in Resources */ = {isa = PBXBuildFile; fileRef = 2D6A78442874BE45008786BF /* Virtuous-Slab-Thin.otf */; };
		2D6A78582874FCDB008786BF /* Virtuous-Slab-Thin.otf in Resources */ = {isa = PBXBuildFile; fileRef = 2D6A78442874BE45008786BF /* Virtuous-Slab-Thin.otf */; };
		2DD1A788287DF25B00B3ABF1 /* PhotoViewController.m in Sources */ = {isa = PBXBuildFile; fileRef = 2DD1A787287DF25B00B3ABF1 /* PhotoViewController.m */; };
		2DD1A78A287E27B200B3ABF1 /* AVFoundation.framework in Frameworks */ = {isa = PBXBuildFile; fileRef = 2DD1A789287E27B200B3ABF1 /* AVFoundation.framework */; };
		2DD1A78D287E3DA900B3ABF1 /* CalendarCell.m in Sources */ = {isa = PBXBuildFile; fileRef = 2DD1A78C287E3DA900B3ABF1 /* CalendarCell.m */; };
		2DD1A78F2880999600B3ABF1 /* brownCircle.png in Resources */ = {isa = PBXBuildFile; fileRef = 2DD1A78E2880999600B3ABF1 /* brownCircle.png */; };
		2DD1A7A92891C64B00B3ABF1 /* APIManager.m in Sources */ = {isa = PBXBuildFile; fileRef = 2DD1A7A82891C64B00B3ABF1 /* APIManager.m */; };
		2DD1A7AC2893784A00B3ABF1 /* PostDetailsViewController.m in Sources */ = {isa = PBXBuildFile; fileRef = 2DD1A7AB2893784A00B3ABF1 /* PostDetailsViewController.m */; };
		2DD1A7B12894352600B3ABF1 /* NotificationManager.m in Sources */ = {isa = PBXBuildFile; fileRef = 2DD1A7B02894352500B3ABF1 /* NotificationManager.m */; };
		2DD1A7F8289456B800B3ABF1 /* Capstone.xcdatamodeld in Sources */ = {isa = PBXBuildFile; fileRef = 2DD1A7F6289456B800B3ABF1 /* Capstone.xcdatamodeld */; };
		2DD1A7FB28948F5D00B3ABF1 /* CacheManager.m in Sources */ = {isa = PBXBuildFile; fileRef = 2DD1A7FA28948F5D00B3ABF1 /* CacheManager.m */; };
		2DD1A7FE28975D4900B3ABF1 /* CommentsViewController.m in Sources */ = {isa = PBXBuildFile; fileRef = 2DD1A7FD28975D4900B3ABF1 /* CommentsViewController.m */; };
		2DD1A80128975D5500B3ABF1 /* ReactionsViewController.m in Sources */ = {isa = PBXBuildFile; fileRef = 2DD1A80028975D5500B3ABF1 /* ReactionsViewController.m */; };
		2DD1A80428975EE900B3ABF1 /* CommentCell.m in Sources */ = {isa = PBXBuildFile; fileRef = 2DD1A80328975EE900B3ABF1 /* CommentCell.m */; };
		2DD1A80728983F6F00B3ABF1 /* Comments.m in Sources */ = {isa = PBXBuildFile; fileRef = 2DD1A80628983F6F00B3ABF1 /* Comments.m */; };
		37003B750F267B2926F3EBF1 /* Pods_CapstoneTests.framework in Frameworks */ = {isa = PBXBuildFile; fileRef = D2C23658A635E2206478F115 /* Pods_CapstoneTests.framework */; };
		F7280FEEE63EA3724B3F2249 /* Pods_Capstone.framework in Frameworks */ = {isa = PBXBuildFile; fileRef = 47F127FAD2CA25FA08362E33 /* Pods_Capstone.framework */; };
/* End PBXBuildFile section */

/* Begin PBXContainerItemProxy section */
		2D6A78262874A0A3008786BF /* PBXContainerItemProxy */ = {
			isa = PBXContainerItemProxy;
			containerPortal = 2D6A78022874A0A1008786BF /* Project object */;
			proxyType = 1;
			remoteGlobalIDString = 2D6A78092874A0A1008786BF;
			remoteInfo = Capstone;
		};
		2D6A78302874A0A3008786BF /* PBXContainerItemProxy */ = {
			isa = PBXContainerItemProxy;
			containerPortal = 2D6A78022874A0A1008786BF /* Project object */;
			proxyType = 1;
			remoteGlobalIDString = 2D6A78092874A0A1008786BF;
			remoteInfo = Capstone;
		};
/* End PBXContainerItemProxy section */

/* Begin PBXFileReference section */
		01A6752B6E0F5894EB8E0975 /* Pods-Capstone.debug.xcconfig */ = {isa = PBXFileReference; includeInIndex = 1; lastKnownFileType = text.xcconfig; name = "Pods-Capstone.debug.xcconfig"; path = "Target Support Files/Pods-Capstone/Pods-Capstone.debug.xcconfig"; sourceTree = "<group>"; };
		130FC1F3CF0454A3346C1FA9 /* Pods-Capstone-CapstoneUITests.release.xcconfig */ = {isa = PBXFileReference; includeInIndex = 1; lastKnownFileType = text.xcconfig; name = "Pods-Capstone-CapstoneUITests.release.xcconfig"; path = "Target Support Files/Pods-Capstone-CapstoneUITests/Pods-Capstone-CapstoneUITests.release.xcconfig"; sourceTree = "<group>"; };
		14CC08F12CC53C926E117423 /* Pods_Capstone_CapstoneUITests.framework */ = {isa = PBXFileReference; explicitFileType = wrapper.framework; includeInIndex = 0; path = Pods_Capstone_CapstoneUITests.framework; sourceTree = BUILT_PRODUCTS_DIR; };
		18155111740946251A96A560 /* Pods-CapstoneTests.release.xcconfig */ = {isa = PBXFileReference; includeInIndex = 1; lastKnownFileType = text.xcconfig; name = "Pods-CapstoneTests.release.xcconfig"; path = "Target Support Files/Pods-CapstoneTests/Pods-CapstoneTests.release.xcconfig"; sourceTree = "<group>"; };
		2D2693582875F5AA0074A934 /* Keys.plist */ = {isa = PBXFileReference; lastKnownFileType = text.plist.xml; path = Keys.plist; sourceTree = "<group>"; };
		2D26935A2876090F0074A934 /* MapViewController.h */ = {isa = PBXFileReference; lastKnownFileType = sourcecode.c.h; path = MapViewController.h; sourceTree = "<group>"; };
		2D26935B2876090F0074A934 /* MapViewController.m */ = {isa = PBXFileReference; lastKnownFileType = sourcecode.c.objc; path = MapViewController.m; sourceTree = "<group>"; };
		2D26935D2876091B0074A934 /* CalendarViewController.h */ = {isa = PBXFileReference; lastKnownFileType = sourcecode.c.h; path = CalendarViewController.h; sourceTree = "<group>"; };
		2D26935E2876091B0074A934 /* CalendarViewController.m */ = {isa = PBXFileReference; lastKnownFileType = sourcecode.c.objc; path = CalendarViewController.m; sourceTree = "<group>"; };
		2D269363287639470074A934 /* custom_pin.png */ = {isa = PBXFileReference; lastKnownFileType = image.png; path = custom_pin.png; sourceTree = "<group>"; };
		2D26936D287765C20074A934 /* Post.h */ = {isa = PBXFileReference; lastKnownFileType = sourcecode.c.h; path = Post.h; sourceTree = "<group>"; };
		2D26936E287765C20074A934 /* Post.m */ = {isa = PBXFileReference; lastKnownFileType = sourcecode.c.objc; path = Post.m; sourceTree = "<group>"; };
		2D2693702877674E0074A934 /* PostCell.h */ = {isa = PBXFileReference; lastKnownFileType = sourcecode.c.h; path = PostCell.h; sourceTree = "<group>"; };
		2D2693712877674E0074A934 /* PostCell.m */ = {isa = PBXFileReference; lastKnownFileType = sourcecode.c.objc; path = PostCell.m; sourceTree = "<group>"; };
		2D269373287769300074A934 /* InfoWindow.xib */ = {isa = PBXFileReference; lastKnownFileType = file.xib; path = InfoWindow.xib; sourceTree = "<group>"; };
		2D2693752877752B0074A934 /* CustomInfoWindow.h */ = {isa = PBXFileReference; lastKnownFileType = sourcecode.c.h; path = CustomInfoWindow.h; sourceTree = "<group>"; };
		2D2693762877752B0074A934 /* CustomInfoWindow.m */ = {isa = PBXFileReference; lastKnownFileType = sourcecode.c.objc; path = CustomInfoWindow.m; sourceTree = "<group>"; };
		2D2693782878B54E0074A934 /* UserNotifications.framework */ = {isa = PBXFileReference; lastKnownFileType = wrapper.framework; name = UserNotifications.framework; path = System/Library/Frameworks/UserNotifications.framework; sourceTree = SDKROOT; };
		2D6A780A2874A0A1008786BF /* Capstone.app */ = {isa = PBXFileReference; explicitFileType = wrapper.application; includeInIndex = 0; path = Capstone.app; sourceTree = BUILT_PRODUCTS_DIR; };
		2D6A780D2874A0A1008786BF /* AppDelegate.h */ = {isa = PBXFileReference; lastKnownFileType = sourcecode.c.h; path = AppDelegate.h; sourceTree = "<group>"; };
		2D6A780E2874A0A1008786BF /* AppDelegate.m */ = {isa = PBXFileReference; lastKnownFileType = sourcecode.c.objc; path = AppDelegate.m; sourceTree = "<group>"; };
		2D6A78102874A0A1008786BF /* SceneDelegate.h */ = {isa = PBXFileReference; lastKnownFileType = sourcecode.c.h; path = SceneDelegate.h; sourceTree = "<group>"; };
		2D6A78112874A0A1008786BF /* SceneDelegate.m */ = {isa = PBXFileReference; lastKnownFileType = sourcecode.c.objc; path = SceneDelegate.m; sourceTree = "<group>"; };
		2D6A78172874A0A1008786BF /* Base */ = {isa = PBXFileReference; lastKnownFileType = file.storyboard; name = Base; path = Base.lproj/Main.storyboard; sourceTree = "<group>"; };
		2D6A78192874A0A3008786BF /* Assets.xcassets */ = {isa = PBXFileReference; lastKnownFileType = folder.assetcatalog; path = Assets.xcassets; sourceTree = "<group>"; };
		2D6A781C2874A0A3008786BF /* Base */ = {isa = PBXFileReference; lastKnownFileType = file.storyboard; name = Base; path = Base.lproj/LaunchScreen.storyboard; sourceTree = "<group>"; };
		2D6A781E2874A0A3008786BF /* Info.plist */ = {isa = PBXFileReference; lastKnownFileType = text.plist.xml; path = Info.plist; sourceTree = "<group>"; };
		2D6A781F2874A0A3008786BF /* main.m */ = {isa = PBXFileReference; lastKnownFileType = sourcecode.c.objc; path = main.m; sourceTree = "<group>"; };
		2D6A78252874A0A3008786BF /* CapstoneTests.xctest */ = {isa = PBXFileReference; explicitFileType = wrapper.cfbundle; includeInIndex = 0; path = CapstoneTests.xctest; sourceTree = BUILT_PRODUCTS_DIR; };
		2D6A78292874A0A3008786BF /* CapstoneTests.m */ = {isa = PBXFileReference; lastKnownFileType = sourcecode.c.objc; path = CapstoneTests.m; sourceTree = "<group>"; };
		2D6A782F2874A0A3008786BF /* CapstoneUITests.xctest */ = {isa = PBXFileReference; explicitFileType = wrapper.cfbundle; includeInIndex = 0; path = CapstoneUITests.xctest; sourceTree = BUILT_PRODUCTS_DIR; };
		2D6A78332874A0A3008786BF /* CapstoneUITests.m */ = {isa = PBXFileReference; lastKnownFileType = sourcecode.c.objc; path = CapstoneUITests.m; sourceTree = "<group>"; };
		2D6A78352874A0A3008786BF /* CapstoneUITestsLaunchTests.m */ = {isa = PBXFileReference; lastKnownFileType = sourcecode.c.objc; path = CapstoneUITestsLaunchTests.m; sourceTree = "<group>"; };
		2D6A78422874BE45008786BF /* Virtuous-Slab.otf */ = {isa = PBXFileReference; lastKnownFileType = file; path = "Virtuous-Slab.otf"; sourceTree = "<group>"; };
		2D6A78432874BE45008786BF /* Virtuous-Slab-Bold.otf */ = {isa = PBXFileReference; lastKnownFileType = file; path = "Virtuous-Slab-Bold.otf"; sourceTree = "<group>"; };
		2D6A78442874BE45008786BF /* Virtuous-Slab-Thin.otf */ = {isa = PBXFileReference; lastKnownFileType = file; path = "Virtuous-Slab-Thin.otf"; sourceTree = "<group>"; };
		2D6A78452874BE45008786BF /* Virtuous-Slab-Hairline.otf */ = {isa = PBXFileReference; lastKnownFileType = file; path = "Virtuous-Slab-Hairline.otf"; sourceTree = "<group>"; };
		2D6A78462874BE46008786BF /* Virtuous-Slab-Italic.otf */ = {isa = PBXFileReference; lastKnownFileType = file; path = "Virtuous-Slab-Italic.otf"; sourceTree = "<group>"; };
		2D6A78492874F0D8008786BF /* WelcomeViewController.h */ = {isa = PBXFileReference; lastKnownFileType = sourcecode.c.h; path = WelcomeViewController.h; sourceTree = "<group>"; };
		2D6A784A2874F0D8008786BF /* WelcomeViewController.m */ = {isa = PBXFileReference; lastKnownFileType = sourcecode.c.objc; path = WelcomeViewController.m; sourceTree = "<group>"; };
		2D6A784C2874F2B5008786BF /* LoginViewController.h */ = {isa = PBXFileReference; lastKnownFileType = sourcecode.c.h; path = LoginViewController.h; sourceTree = "<group>"; };
		2D6A784D2874F2B5008786BF /* LoginViewController.m */ = {isa = PBXFileReference; lastKnownFileType = sourcecode.c.objc; path = LoginViewController.m; sourceTree = "<group>"; };
		2D6A784F2874F2BF008786BF /* RegisterViewController.h */ = {isa = PBXFileReference; lastKnownFileType = sourcecode.c.h; path = RegisterViewController.h; sourceTree = "<group>"; };
		2D6A78502874F2BF008786BF /* RegisterViewController.m */ = {isa = PBXFileReference; lastKnownFileType = sourcecode.c.objc; path = RegisterViewController.m; sourceTree = "<group>"; };
		2DD1A786287DF25B00B3ABF1 /* PhotoViewController.h */ = {isa = PBXFileReference; lastKnownFileType = sourcecode.c.h; path = PhotoViewController.h; sourceTree = "<group>"; };
		2DD1A787287DF25B00B3ABF1 /* PhotoViewController.m */ = {isa = PBXFileReference; lastKnownFileType = sourcecode.c.objc; path = PhotoViewController.m; sourceTree = "<group>"; };
		2DD1A789287E27B200B3ABF1 /* AVFoundation.framework */ = {isa = PBXFileReference; lastKnownFileType = wrapper.framework; name = AVFoundation.framework; path = System/Library/Frameworks/AVFoundation.framework; sourceTree = SDKROOT; };
		2DD1A78B287E3DA900B3ABF1 /* CalendarCell.h */ = {isa = PBXFileReference; lastKnownFileType = sourcecode.c.h; path = CalendarCell.h; sourceTree = "<group>"; };
		2DD1A78C287E3DA900B3ABF1 /* CalendarCell.m */ = {isa = PBXFileReference; lastKnownFileType = sourcecode.c.objc; path = CalendarCell.m; sourceTree = "<group>"; };
		2DD1A78E2880999600B3ABF1 /* brownCircle.png */ = {isa = PBXFileReference; lastKnownFileType = image.png; name = brownCircle.png; path = ../../../../Downloads/brownCircle.png; sourceTree = "<group>"; };
		2DD1A7A72891C64B00B3ABF1 /* APIManager.h */ = {isa = PBXFileReference; lastKnownFileType = sourcecode.c.h; path = APIManager.h; sourceTree = "<group>"; };
		2DD1A7A82891C64B00B3ABF1 /* APIManager.m */ = {isa = PBXFileReference; lastKnownFileType = sourcecode.c.objc; path = APIManager.m; sourceTree = "<group>"; };
		2DD1A7AA2893784A00B3ABF1 /* PostDetailsViewController.h */ = {isa = PBXFileReference; lastKnownFileType = sourcecode.c.h; path = PostDetailsViewController.h; sourceTree = "<group>"; };
		2DD1A7AB2893784A00B3ABF1 /* PostDetailsViewController.m */ = {isa = PBXFileReference; lastKnownFileType = sourcecode.c.objc; path = PostDetailsViewController.m; sourceTree = "<group>"; };
		2DD1A7AF2894352500B3ABF1 /* NotificationManager.h */ = {isa = PBXFileReference; lastKnownFileType = sourcecode.c.h; path = NotificationManager.h; sourceTree = "<group>"; };
		2DD1A7B02894352500B3ABF1 /* NotificationManager.m */ = {isa = PBXFileReference; lastKnownFileType = sourcecode.c.objc; path = NotificationManager.m; sourceTree = "<group>"; };
		2DD1A7F7289456B800B3ABF1 /* Capstone.xcdatamodel */ = {isa = PBXFileReference; lastKnownFileType = wrapper.xcdatamodel; path = Capstone.xcdatamodel; sourceTree = "<group>"; };
		2DD1A7F928948F5D00B3ABF1 /* CacheManager.h */ = {isa = PBXFileReference; lastKnownFileType = sourcecode.c.h; path = CacheManager.h; sourceTree = "<group>"; };
		2DD1A7FA28948F5D00B3ABF1 /* CacheManager.m */ = {isa = PBXFileReference; lastKnownFileType = sourcecode.c.objc; path = CacheManager.m; sourceTree = "<group>"; };
		2DD1A7FC28975D4900B3ABF1 /* CommentsViewController.h */ = {isa = PBXFileReference; lastKnownFileType = sourcecode.c.h; path = CommentsViewController.h; sourceTree = "<group>"; };
		2DD1A7FD28975D4900B3ABF1 /* CommentsViewController.m */ = {isa = PBXFileReference; lastKnownFileType = sourcecode.c.objc; path = CommentsViewController.m; sourceTree = "<group>"; };
		2DD1A7FF28975D5500B3ABF1 /* ReactionsViewController.h */ = {isa = PBXFileReference; lastKnownFileType = sourcecode.c.h; path = ReactionsViewController.h; sourceTree = "<group>"; };
		2DD1A80028975D5500B3ABF1 /* ReactionsViewController.m */ = {isa = PBXFileReference; lastKnownFileType = sourcecode.c.objc; path = ReactionsViewController.m; sourceTree = "<group>"; };
		2DD1A80228975EE900B3ABF1 /* CommentCell.h */ = {isa = PBXFileReference; lastKnownFileType = sourcecode.c.h; path = CommentCell.h; sourceTree = "<group>"; };
		2DD1A80328975EE900B3ABF1 /* CommentCell.m */ = {isa = PBXFileReference; lastKnownFileType = sourcecode.c.objc; path = CommentCell.m; sourceTree = "<group>"; };
		2DD1A80528983F6F00B3ABF1 /* Comments.h */ = {isa = PBXFileReference; lastKnownFileType = sourcecode.c.h; path = Comments.h; sourceTree = "<group>"; };
		2DD1A80628983F6F00B3ABF1 /* Comments.m */ = {isa = PBXFileReference; lastKnownFileType = sourcecode.c.objc; path = Comments.m; sourceTree = "<group>"; };
		31FB5AF01B4B752ACC220811 /* Pods-Capstone.release.xcconfig */ = {isa = PBXFileReference; includeInIndex = 1; lastKnownFileType = text.xcconfig; name = "Pods-Capstone.release.xcconfig"; path = "Target Support Files/Pods-Capstone/Pods-Capstone.release.xcconfig"; sourceTree = "<group>"; };
		47F127FAD2CA25FA08362E33 /* Pods_Capstone.framework */ = {isa = PBXFileReference; explicitFileType = wrapper.framework; includeInIndex = 0; path = Pods_Capstone.framework; sourceTree = BUILT_PRODUCTS_DIR; };
		BD9E818083481B2ECD6C447D /* Pods-CapstoneTests.debug.xcconfig */ = {isa = PBXFileReference; includeInIndex = 1; lastKnownFileType = text.xcconfig; name = "Pods-CapstoneTests.debug.xcconfig"; path = "Target Support Files/Pods-CapstoneTests/Pods-CapstoneTests.debug.xcconfig"; sourceTree = "<group>"; };
		D2C23658A635E2206478F115 /* Pods_CapstoneTests.framework */ = {isa = PBXFileReference; explicitFileType = wrapper.framework; includeInIndex = 0; path = Pods_CapstoneTests.framework; sourceTree = BUILT_PRODUCTS_DIR; };
		E7B802ECD22610D5D254E79A /* Pods-Capstone-CapstoneUITests.debug.xcconfig */ = {isa = PBXFileReference; includeInIndex = 1; lastKnownFileType = text.xcconfig; name = "Pods-Capstone-CapstoneUITests.debug.xcconfig"; path = "Target Support Files/Pods-Capstone-CapstoneUITests/Pods-Capstone-CapstoneUITests.debug.xcconfig"; sourceTree = "<group>"; };
/* End PBXFileReference section */

/* Begin PBXFrameworksBuildPhase section */
		2D6A78072874A0A1008786BF /* Frameworks */ = {
			isa = PBXFrameworksBuildPhase;
			buildActionMask = 2147483647;
			files = (
				2D2693792878B54E0074A934 /* UserNotifications.framework in Frameworks */,
				F7280FEEE63EA3724B3F2249 /* Pods_Capstone.framework in Frameworks */,
				2DD1A78A287E27B200B3ABF1 /* AVFoundation.framework in Frameworks */,
			);
			runOnlyForDeploymentPostprocessing = 0;
		};
		2D6A78222874A0A3008786BF /* Frameworks */ = {
			isa = PBXFrameworksBuildPhase;
			buildActionMask = 2147483647;
			files = (
				37003B750F267B2926F3EBF1 /* Pods_CapstoneTests.framework in Frameworks */,
			);
			runOnlyForDeploymentPostprocessing = 0;
		};
		2D6A782C2874A0A3008786BF /* Frameworks */ = {
			isa = PBXFrameworksBuildPhase;
			buildActionMask = 2147483647;
			files = (
				1B278E80E3061E36D4AC51B7 /* Pods_Capstone_CapstoneUITests.framework in Frameworks */,
			);
			runOnlyForDeploymentPostprocessing = 0;
		};
/* End PBXFrameworksBuildPhase section */

/* Begin PBXGroup section */
		2D26936528775BDA0074A934 /* Models */ = {
			isa = PBXGroup;
			children = (
				2D26936D287765C20074A934 /* Post.h */,
				2D26936E287765C20074A934 /* Post.m */,
				2DD1A80528983F6F00B3ABF1 /* Comments.h */,
				2DD1A80628983F6F00B3ABF1 /* Comments.m */,
			);
			path = Models;
			sourceTree = "<group>";
		};
		2D26936628775BE50074A934 /* Cells */ = {
			isa = PBXGroup;
			children = (
				2D2693702877674E0074A934 /* PostCell.h */,
				2D2693712877674E0074A934 /* PostCell.m */,
				2DD1A78B287E3DA900B3ABF1 /* CalendarCell.h */,
				2DD1A78C287E3DA900B3ABF1 /* CalendarCell.m */,
				2DD1A80228975EE900B3ABF1 /* CommentCell.h */,
				2DD1A80328975EE900B3ABF1 /* CommentCell.m */,
			);
			path = Cells;
			sourceTree = "<group>";
		};
		2D6A78012874A0A1008786BF = {
			isa = PBXGroup;
			children = (
				2D6A78472874BE51008786BF /* Fonts */,
				2D6A780C2874A0A1008786BF /* Capstone */,
				2D6A78282874A0A3008786BF /* CapstoneTests */,
				2D6A78322874A0A3008786BF /* CapstoneUITests */,
				2D6A780B2874A0A1008786BF /* Products */,
				AC6F4CC94EE5D0C0A5ACF0A9 /* Pods */,
				E4E2320D18368F179D517A2E /* Frameworks */,
			);
			sourceTree = "<group>";
		};
		2D6A780B2874A0A1008786BF /* Products */ = {
			isa = PBXGroup;
			children = (
				2D6A780A2874A0A1008786BF /* Capstone.app */,
				2D6A78252874A0A3008786BF /* CapstoneTests.xctest */,
				2D6A782F2874A0A3008786BF /* CapstoneUITests.xctest */,
			);
			name = Products;
			sourceTree = "<group>";
		};
		2D6A780C2874A0A1008786BF /* Capstone */ = {
			isa = PBXGroup;
			children = (
				2DD1A7AD289385AB00B3ABF1 /* Delegates */,
				2DD1A7A62891C63600B3ABF1 /* API */,
				2DD1A7902880E56900B3ABF1 /* Views */,
				2D26936628775BE50074A934 /* Cells */,
				2D26936528775BDA0074A934 /* Models */,
				2D6A78482874C059008786BF /* ViewControllers */,
				2D6A780D2874A0A1008786BF /* AppDelegate.h */,
				2DD1A7F6289456B800B3ABF1 /* Capstone.xcdatamodeld */,
				2D6A780E2874A0A1008786BF /* AppDelegate.m */,
				2D6A78102874A0A1008786BF /* SceneDelegate.h */,
				2D6A78112874A0A1008786BF /* SceneDelegate.m */,
				2D6A78162874A0A1008786BF /* Main.storyboard */,
				2D6A78192874A0A3008786BF /* Assets.xcassets */,
				2D6A781B2874A0A3008786BF /* LaunchScreen.storyboard */,
				2D6A781E2874A0A3008786BF /* Info.plist */,
				2D6A781F2874A0A3008786BF /* main.m */,
				2D2693582875F5AA0074A934 /* Keys.plist */,
				2D269363287639470074A934 /* custom_pin.png */,
				2DD1A78E2880999600B3ABF1 /* brownCircle.png */,
				2D269373287769300074A934 /* InfoWindow.xib */,
				2D2693752877752B0074A934 /* CustomInfoWindow.h */,
				2D2693762877752B0074A934 /* CustomInfoWindow.m */,
				2DD1A7AF2894352500B3ABF1 /* NotificationManager.h */,
				2DD1A7B02894352500B3ABF1 /* NotificationManager.m */,
				2DD1A7F928948F5D00B3ABF1 /* CacheManager.h */,
				2DD1A7FA28948F5D00B3ABF1 /* CacheManager.m */,
			);
			path = Capstone;
			sourceTree = "<group>";
		};
		2D6A78282874A0A3008786BF /* CapstoneTests */ = {
			isa = PBXGroup;
			children = (
				2D6A78292874A0A3008786BF /* CapstoneTests.m */,
			);
			path = CapstoneTests;
			sourceTree = "<group>";
		};
		2D6A78322874A0A3008786BF /* CapstoneUITests */ = {
			isa = PBXGroup;
			children = (
				2D6A78332874A0A3008786BF /* CapstoneUITests.m */,
				2D6A78352874A0A3008786BF /* CapstoneUITestsLaunchTests.m */,
			);
			path = CapstoneUITests;
			sourceTree = "<group>";
		};
		2D6A78472874BE51008786BF /* Fonts */ = {
			isa = PBXGroup;
			children = (
				2D6A78432874BE45008786BF /* Virtuous-Slab-Bold.otf */,
				2D6A78452874BE45008786BF /* Virtuous-Slab-Hairline.otf */,
				2D6A78462874BE46008786BF /* Virtuous-Slab-Italic.otf */,
				2D6A78442874BE45008786BF /* Virtuous-Slab-Thin.otf */,
				2D6A78422874BE45008786BF /* Virtuous-Slab.otf */,
			);
			path = Fonts;
			sourceTree = "<group>";
		};
		2D6A78482874C059008786BF /* ViewControllers */ = {
			isa = PBXGroup;
			children = (
				2D6A78492874F0D8008786BF /* WelcomeViewController.h */,
				2D6A784A2874F0D8008786BF /* WelcomeViewController.m */,
				2D6A784C2874F2B5008786BF /* LoginViewController.h */,
				2D6A784D2874F2B5008786BF /* LoginViewController.m */,
				2D6A784F2874F2BF008786BF /* RegisterViewController.h */,
				2D6A78502874F2BF008786BF /* RegisterViewController.m */,
				2D26935A2876090F0074A934 /* MapViewController.h */,
				2D26935B2876090F0074A934 /* MapViewController.m */,
				2D26935D2876091B0074A934 /* CalendarViewController.h */,
				2D26935E2876091B0074A934 /* CalendarViewController.m */,
				2DD1A786287DF25B00B3ABF1 /* PhotoViewController.h */,
				2DD1A787287DF25B00B3ABF1 /* PhotoViewController.m */,
				2DD1A7AA2893784A00B3ABF1 /* PostDetailsViewController.h */,
				2DD1A7AB2893784A00B3ABF1 /* PostDetailsViewController.m */,
				2DD1A7FC28975D4900B3ABF1 /* CommentsViewController.h */,
				2DD1A7FD28975D4900B3ABF1 /* CommentsViewController.m */,
				2DD1A7FF28975D5500B3ABF1 /* ReactionsViewController.h */,
				2DD1A80028975D5500B3ABF1 /* ReactionsViewController.m */,
			);
			path = ViewControllers;
			sourceTree = "<group>";
		};
		2DD1A7902880E56900B3ABF1 /* Views */ = {
			isa = PBXGroup;
			children = (
			);
			path = Views;
			sourceTree = "<group>";
		};
		2DD1A7A62891C63600B3ABF1 /* API */ = {
			isa = PBXGroup;
			children = (
				2DD1A7A72891C64B00B3ABF1 /* APIManager.h */,
				2DD1A7A82891C64B00B3ABF1 /* APIManager.m */,
			);
			path = API;
			sourceTree = "<group>";
		};
		2DD1A7AD289385AB00B3ABF1 /* Delegates */ = {
			isa = PBXGroup;
			children = (
			);
			path = Delegates;
			sourceTree = "<group>";
		};
		AC6F4CC94EE5D0C0A5ACF0A9 /* Pods */ = {
			isa = PBXGroup;
			children = (
				01A6752B6E0F5894EB8E0975 /* Pods-Capstone.debug.xcconfig */,
				31FB5AF01B4B752ACC220811 /* Pods-Capstone.release.xcconfig */,
				E7B802ECD22610D5D254E79A /* Pods-Capstone-CapstoneUITests.debug.xcconfig */,
				130FC1F3CF0454A3346C1FA9 /* Pods-Capstone-CapstoneUITests.release.xcconfig */,
				BD9E818083481B2ECD6C447D /* Pods-CapstoneTests.debug.xcconfig */,
				18155111740946251A96A560 /* Pods-CapstoneTests.release.xcconfig */,
			);
			path = Pods;
			sourceTree = "<group>";
		};
		E4E2320D18368F179D517A2E /* Frameworks */ = {
			isa = PBXGroup;
			children = (
				2DD1A789287E27B200B3ABF1 /* AVFoundation.framework */,
				2D2693782878B54E0074A934 /* UserNotifications.framework */,
				47F127FAD2CA25FA08362E33 /* Pods_Capstone.framework */,
				14CC08F12CC53C926E117423 /* Pods_Capstone_CapstoneUITests.framework */,
				D2C23658A635E2206478F115 /* Pods_CapstoneTests.framework */,
			);
			name = Frameworks;
			sourceTree = "<group>";
		};
/* End PBXGroup section */

/* Begin PBXNativeTarget section */
		2D6A78092874A0A1008786BF /* Capstone */ = {
			isa = PBXNativeTarget;
			buildConfigurationList = 2D6A78392874A0A3008786BF /* Build configuration list for PBXNativeTarget "Capstone" */;
			buildPhases = (
				EE7B98F41264F2CC0B8597FC /* [CP] Check Pods Manifest.lock */,
				2D6A78062874A0A1008786BF /* Sources */,
				2D6A78072874A0A1008786BF /* Frameworks */,
				2D6A78082874A0A1008786BF /* Resources */,
				EDDECCE1671E033F6F60D127 /* [CP] Embed Pods Frameworks */,
				1C4721101B21AADA46AA6DB7 /* [CP] Copy Pods Resources */,
			);
			buildRules = (
			);
			dependencies = (
			);
			name = Capstone;
			productName = Capstone;
			productReference = 2D6A780A2874A0A1008786BF /* Capstone.app */;
			productType = "com.apple.product-type.application";
		};
		2D6A78242874A0A3008786BF /* CapstoneTests */ = {
			isa = PBXNativeTarget;
			buildConfigurationList = 2D6A783C2874A0A3008786BF /* Build configuration list for PBXNativeTarget "CapstoneTests" */;
			buildPhases = (
				6C10748F68E69E7096B2AE7B /* [CP] Check Pods Manifest.lock */,
				2D6A78212874A0A3008786BF /* Sources */,
				2D6A78222874A0A3008786BF /* Frameworks */,
				2D6A78232874A0A3008786BF /* Resources */,
			);
			buildRules = (
			);
			dependencies = (
				2D6A78272874A0A3008786BF /* PBXTargetDependency */,
			);
			name = CapstoneTests;
			productName = CapstoneTests;
			productReference = 2D6A78252874A0A3008786BF /* CapstoneTests.xctest */;
			productType = "com.apple.product-type.bundle.unit-test";
		};
		2D6A782E2874A0A3008786BF /* CapstoneUITests */ = {
			isa = PBXNativeTarget;
			buildConfigurationList = 2D6A783F2874A0A3008786BF /* Build configuration list for PBXNativeTarget "CapstoneUITests" */;
			buildPhases = (
				85486347B5C5983F70F42CB7 /* [CP] Check Pods Manifest.lock */,
				2D6A782B2874A0A3008786BF /* Sources */,
				2D6A782C2874A0A3008786BF /* Frameworks */,
				2D6A782D2874A0A3008786BF /* Resources */,
				968CD76E79164DB19D58754C /* [CP] Embed Pods Frameworks */,
				D3A0AAEB073CD4FEC69B6AE4 /* [CP] Copy Pods Resources */,
			);
			buildRules = (
			);
			dependencies = (
				2D6A78312874A0A3008786BF /* PBXTargetDependency */,
			);
			name = CapstoneUITests;
			productName = CapstoneUITests;
			productReference = 2D6A782F2874A0A3008786BF /* CapstoneUITests.xctest */;
			productType = "com.apple.product-type.bundle.ui-testing";
		};
/* End PBXNativeTarget section */

/* Begin PBXProject section */
		2D6A78022874A0A1008786BF /* Project object */ = {
			isa = PBXProject;
			attributes = {
				BuildIndependentTargetsInParallel = 1;
				LastUpgradeCheck = 1340;
				TargetAttributes = {
					2D6A78092874A0A1008786BF = {
						CreatedOnToolsVersion = 13.4.1;
					};
					2D6A78242874A0A3008786BF = {
						CreatedOnToolsVersion = 13.4.1;
						TestTargetID = 2D6A78092874A0A1008786BF;
					};
					2D6A782E2874A0A3008786BF = {
						CreatedOnToolsVersion = 13.4.1;
						TestTargetID = 2D6A78092874A0A1008786BF;
					};
				};
			};
			buildConfigurationList = 2D6A78052874A0A1008786BF /* Build configuration list for PBXProject "Capstone" */;
			compatibilityVersion = "Xcode 13.0";
			developmentRegion = en;
			hasScannedForEncodings = 0;
			knownRegions = (
				en,
				Base,
			);
			mainGroup = 2D6A78012874A0A1008786BF;
			productRefGroup = 2D6A780B2874A0A1008786BF /* Products */;
			projectDirPath = "";
			projectRoot = "";
			targets = (
				2D6A78092874A0A1008786BF /* Capstone */,
				2D6A78242874A0A3008786BF /* CapstoneTests */,
				2D6A782E2874A0A3008786BF /* CapstoneUITests */,
			);
		};
/* End PBXProject section */

/* Begin PBXResourcesBuildPhase section */
		2D6A78082874A0A1008786BF /* Resources */ = {
			isa = PBXResourcesBuildPhase;
			buildActionMask = 2147483647;
			files = (
				2DD1A78F2880999600B3ABF1 /* brownCircle.png in Resources */,
				2D2693592875F5AA0074A934 /* Keys.plist in Resources */,
				2D6A78562874FC3A008786BF /* Virtuous-Slab.otf in Resources */,
				2D269364287639470074A934 /* custom_pin.png in Resources */,
				2D6A781D2874A0A3008786BF /* LaunchScreen.storyboard in Resources */,
				2D6A78552874FC37008786BF /* Virtuous-Slab-Thin.otf in Resources */,
				2D269374287769300074A934 /* InfoWindow.xib in Resources */,
				2D6A781A2874A0A3008786BF /* Assets.xcassets in Resources */,
				2D6A78542874FC33008786BF /* Virtuous-Slab-Italic.otf in Resources */,
				2D6A78532874FC2F008786BF /* Virtuous-Slab-Hairline.otf in Resources */,
				2D6A78182874A0A1008786BF /* Main.storyboard in Resources */,
				2D6A78522874FC28008786BF /* Virtuous-Slab-Bold.otf in Resources */,
			);
			runOnlyForDeploymentPostprocessing = 0;
		};
		2D6A78232874A0A3008786BF /* Resources */ = {
			isa = PBXResourcesBuildPhase;
			buildActionMask = 2147483647;
			files = (
				2D6A78572874FCDA008786BF /* Virtuous-Slab-Thin.otf in Resources */,
			);
			runOnlyForDeploymentPostprocessing = 0;
		};
		2D6A782D2874A0A3008786BF /* Resources */ = {
			isa = PBXResourcesBuildPhase;
			buildActionMask = 2147483647;
			files = (
				2D6A78582874FCDB008786BF /* Virtuous-Slab-Thin.otf in Resources */,
			);
			runOnlyForDeploymentPostprocessing = 0;
		};
/* End PBXResourcesBuildPhase section */

/* Begin PBXShellScriptBuildPhase section */
		1C4721101B21AADA46AA6DB7 /* [CP] Copy Pods Resources */ = {
			isa = PBXShellScriptBuildPhase;
			buildActionMask = 2147483647;
			files = (
			);
			inputFileListPaths = (
				"${PODS_ROOT}/Target Support Files/Pods-Capstone/Pods-Capstone-resources-${CONFIGURATION}-input-files.xcfilelist",
			);
			name = "[CP] Copy Pods Resources";
			outputFileListPaths = (
				"${PODS_ROOT}/Target Support Files/Pods-Capstone/Pods-Capstone-resources-${CONFIGURATION}-output-files.xcfilelist",
			);
			runOnlyForDeploymentPostprocessing = 0;
			shellPath = /bin/sh;
			shellScript = "\"${PODS_ROOT}/Target Support Files/Pods-Capstone/Pods-Capstone-resources.sh\"\n";
			showEnvVarsInLog = 0;
		};
		6C10748F68E69E7096B2AE7B /* [CP] Check Pods Manifest.lock */ = {
			isa = PBXShellScriptBuildPhase;
			buildActionMask = 2147483647;
			files = (
			);
			inputFileListPaths = (
			);
			inputPaths = (
				"${PODS_PODFILE_DIR_PATH}/Podfile.lock",
				"${PODS_ROOT}/Manifest.lock",
			);
			name = "[CP] Check Pods Manifest.lock";
			outputFileListPaths = (
			);
			outputPaths = (
				"$(DERIVED_FILE_DIR)/Pods-CapstoneTests-checkManifestLockResult.txt",
			);
			runOnlyForDeploymentPostprocessing = 0;
			shellPath = /bin/sh;
			shellScript = "diff \"${PODS_PODFILE_DIR_PATH}/Podfile.lock\" \"${PODS_ROOT}/Manifest.lock\" > /dev/null\nif [ $? != 0 ] ; then\n    # print error to STDERR\n    echo \"error: The sandbox is not in sync with the Podfile.lock. Run 'pod install' or update your CocoaPods installation.\" >&2\n    exit 1\nfi\n# This output is used by Xcode 'outputs' to avoid re-running this script phase.\necho \"SUCCESS\" > \"${SCRIPT_OUTPUT_FILE_0}\"\n";
			showEnvVarsInLog = 0;
		};
		85486347B5C5983F70F42CB7 /* [CP] Check Pods Manifest.lock */ = {
			isa = PBXShellScriptBuildPhase;
			buildActionMask = 2147483647;
			files = (
			);
			inputFileListPaths = (
			);
			inputPaths = (
				"${PODS_PODFILE_DIR_PATH}/Podfile.lock",
				"${PODS_ROOT}/Manifest.lock",
			);
			name = "[CP] Check Pods Manifest.lock";
			outputFileListPaths = (
			);
			outputPaths = (
				"$(DERIVED_FILE_DIR)/Pods-Capstone-CapstoneUITests-checkManifestLockResult.txt",
			);
			runOnlyForDeploymentPostprocessing = 0;
			shellPath = /bin/sh;
			shellScript = "diff \"${PODS_PODFILE_DIR_PATH}/Podfile.lock\" \"${PODS_ROOT}/Manifest.lock\" > /dev/null\nif [ $? != 0 ] ; then\n    # print error to STDERR\n    echo \"error: The sandbox is not in sync with the Podfile.lock. Run 'pod install' or update your CocoaPods installation.\" >&2\n    exit 1\nfi\n# This output is used by Xcode 'outputs' to avoid re-running this script phase.\necho \"SUCCESS\" > \"${SCRIPT_OUTPUT_FILE_0}\"\n";
			showEnvVarsInLog = 0;
		};
		968CD76E79164DB19D58754C /* [CP] Embed Pods Frameworks */ = {
			isa = PBXShellScriptBuildPhase;
			buildActionMask = 2147483647;
			files = (
			);
			inputFileListPaths = (
				"${PODS_ROOT}/Target Support Files/Pods-Capstone-CapstoneUITests/Pods-Capstone-CapstoneUITests-frameworks-${CONFIGURATION}-input-files.xcfilelist",
			);
			name = "[CP] Embed Pods Frameworks";
			outputFileListPaths = (
				"${PODS_ROOT}/Target Support Files/Pods-Capstone-CapstoneUITests/Pods-Capstone-CapstoneUITests-frameworks-${CONFIGURATION}-output-files.xcfilelist",
			);
			runOnlyForDeploymentPostprocessing = 0;
			shellPath = /bin/sh;
			shellScript = "\"${PODS_ROOT}/Target Support Files/Pods-Capstone-CapstoneUITests/Pods-Capstone-CapstoneUITests-frameworks.sh\"\n";
			showEnvVarsInLog = 0;
		};
		D3A0AAEB073CD4FEC69B6AE4 /* [CP] Copy Pods Resources */ = {
			isa = PBXShellScriptBuildPhase;
			buildActionMask = 2147483647;
			files = (
			);
			inputFileListPaths = (
				"${PODS_ROOT}/Target Support Files/Pods-Capstone-CapstoneUITests/Pods-Capstone-CapstoneUITests-resources-${CONFIGURATION}-input-files.xcfilelist",
			);
			name = "[CP] Copy Pods Resources";
			outputFileListPaths = (
				"${PODS_ROOT}/Target Support Files/Pods-Capstone-CapstoneUITests/Pods-Capstone-CapstoneUITests-resources-${CONFIGURATION}-output-files.xcfilelist",
			);
			runOnlyForDeploymentPostprocessing = 0;
			shellPath = /bin/sh;
			shellScript = "\"${PODS_ROOT}/Target Support Files/Pods-Capstone-CapstoneUITests/Pods-Capstone-CapstoneUITests-resources.sh\"\n";
			showEnvVarsInLog = 0;
		};
		EDDECCE1671E033F6F60D127 /* [CP] Embed Pods Frameworks */ = {
			isa = PBXShellScriptBuildPhase;
			buildActionMask = 2147483647;
			files = (
			);
			inputFileListPaths = (
				"${PODS_ROOT}/Target Support Files/Pods-Capstone/Pods-Capstone-frameworks-${CONFIGURATION}-input-files.xcfilelist",
			);
			name = "[CP] Embed Pods Frameworks";
			outputFileListPaths = (
				"${PODS_ROOT}/Target Support Files/Pods-Capstone/Pods-Capstone-frameworks-${CONFIGURATION}-output-files.xcfilelist",
			);
			runOnlyForDeploymentPostprocessing = 0;
			shellPath = /bin/sh;
			shellScript = "\"${PODS_ROOT}/Target Support Files/Pods-Capstone/Pods-Capstone-frameworks.sh\"\n";
			showEnvVarsInLog = 0;
		};
		EE7B98F41264F2CC0B8597FC /* [CP] Check Pods Manifest.lock */ = {
			isa = PBXShellScriptBuildPhase;
			buildActionMask = 2147483647;
			files = (
			);
			inputFileListPaths = (
			);
			inputPaths = (
				"${PODS_PODFILE_DIR_PATH}/Podfile.lock",
				"${PODS_ROOT}/Manifest.lock",
			);
			name = "[CP] Check Pods Manifest.lock";
			outputFileListPaths = (
			);
			outputPaths = (
				"$(DERIVED_FILE_DIR)/Pods-Capstone-checkManifestLockResult.txt",
			);
			runOnlyForDeploymentPostprocessing = 0;
			shellPath = /bin/sh;
			shellScript = "diff \"${PODS_PODFILE_DIR_PATH}/Podfile.lock\" \"${PODS_ROOT}/Manifest.lock\" > /dev/null\nif [ $? != 0 ] ; then\n    # print error to STDERR\n    echo \"error: The sandbox is not in sync with the Podfile.lock. Run 'pod install' or update your CocoaPods installation.\" >&2\n    exit 1\nfi\n# This output is used by Xcode 'outputs' to avoid re-running this script phase.\necho \"SUCCESS\" > \"${SCRIPT_OUTPUT_FILE_0}\"\n";
			showEnvVarsInLog = 0;
		};
/* End PBXShellScriptBuildPhase section */

/* Begin PBXSourcesBuildPhase section */
		2D6A78062874A0A1008786BF /* Sources */ = {
			isa = PBXSourcesBuildPhase;
			buildActionMask = 2147483647;
			files = (
				2D2693772877752B0074A934 /* CustomInfoWindow.m in Sources */,
				2D2693722877674E0074A934 /* PostCell.m in Sources */,
				2DD1A7B12894352600B3ABF1 /* NotificationManager.m in Sources */,
				2DD1A80728983F6F00B3ABF1 /* Comments.m in Sources */,
				2DD1A7FE28975D4900B3ABF1 /* CommentsViewController.m in Sources */,
				2DD1A7AC2893784A00B3ABF1 /* PostDetailsViewController.m in Sources */,
				2DD1A7FB28948F5D00B3ABF1 /* CacheManager.m in Sources */,
				2D6A784B2874F0D8008786BF /* WelcomeViewController.m in Sources */,
				2DD1A80128975D5500B3ABF1 /* ReactionsViewController.m in Sources */,
				2D6A784E2874F2B5008786BF /* LoginViewController.m in Sources */,
				2DD1A7F8289456B800B3ABF1 /* Capstone.xcdatamodeld in Sources */,
				2DD1A7A92891C64B00B3ABF1 /* APIManager.m in Sources */,
				2D6A780F2874A0A1008786BF /* AppDelegate.m in Sources */,
				2DD1A78D287E3DA900B3ABF1 /* CalendarCell.m in Sources */,
				2D6A78512874F2BF008786BF /* RegisterViewController.m in Sources */,
				2D26936F287765C20074A934 /* Post.m in Sources */,
				2D26935F2876091B0074A934 /* CalendarViewController.m in Sources */,
				2DD1A80428975EE900B3ABF1 /* CommentCell.m in Sources */,
				2D6A78202874A0A3008786BF /* main.m in Sources */,
				2DD1A788287DF25B00B3ABF1 /* PhotoViewController.m in Sources */,
				2D6A78122874A0A1008786BF /* SceneDelegate.m in Sources */,
				2D26935C2876090F0074A934 /* MapViewController.m in Sources */,
			);
			runOnlyForDeploymentPostprocessing = 0;
		};
		2D6A78212874A0A3008786BF /* Sources */ = {
			isa = PBXSourcesBuildPhase;
			buildActionMask = 2147483647;
			files = (
				2D6A782A2874A0A3008786BF /* CapstoneTests.m in Sources */,
			);
			runOnlyForDeploymentPostprocessing = 0;
		};
		2D6A782B2874A0A3008786BF /* Sources */ = {
			isa = PBXSourcesBuildPhase;
			buildActionMask = 2147483647;
			files = (
				2D6A78342874A0A3008786BF /* CapstoneUITests.m in Sources */,
				2D6A78362874A0A3008786BF /* CapstoneUITestsLaunchTests.m in Sources */,
			);
			runOnlyForDeploymentPostprocessing = 0;
		};
/* End PBXSourcesBuildPhase section */

/* Begin PBXTargetDependency section */
		2D6A78272874A0A3008786BF /* PBXTargetDependency */ = {
			isa = PBXTargetDependency;
			target = 2D6A78092874A0A1008786BF /* Capstone */;
			targetProxy = 2D6A78262874A0A3008786BF /* PBXContainerItemProxy */;
		};
		2D6A78312874A0A3008786BF /* PBXTargetDependency */ = {
			isa = PBXTargetDependency;
			target = 2D6A78092874A0A1008786BF /* Capstone */;
			targetProxy = 2D6A78302874A0A3008786BF /* PBXContainerItemProxy */;
		};
/* End PBXTargetDependency section */

/* Begin PBXVariantGroup section */
		2D6A78162874A0A1008786BF /* Main.storyboard */ = {
			isa = PBXVariantGroup;
			children = (
				2D6A78172874A0A1008786BF /* Base */,
			);
			name = Main.storyboard;
			sourceTree = "<group>";
		};
		2D6A781B2874A0A3008786BF /* LaunchScreen.storyboard */ = {
			isa = PBXVariantGroup;
			children = (
				2D6A781C2874A0A3008786BF /* Base */,
			);
			name = LaunchScreen.storyboard;
			sourceTree = "<group>";
		};
/* End PBXVariantGroup section */

/* Begin XCBuildConfiguration section */
		2D6A78372874A0A3008786BF /* Debug */ = {
			isa = XCBuildConfiguration;
			buildSettings = {
				ALWAYS_SEARCH_USER_PATHS = NO;
				CLANG_ANALYZER_NONNULL = YES;
				CLANG_ANALYZER_NUMBER_OBJECT_CONVERSION = YES_AGGRESSIVE;
				CLANG_CXX_LANGUAGE_STANDARD = "gnu++17";
				CLANG_ENABLE_MODULES = YES;
				CLANG_ENABLE_OBJC_ARC = YES;
				CLANG_ENABLE_OBJC_WEAK = YES;
				CLANG_WARN_BLOCK_CAPTURE_AUTORELEASING = YES;
				CLANG_WARN_BOOL_CONVERSION = YES;
				CLANG_WARN_COMMA = YES;
				CLANG_WARN_CONSTANT_CONVERSION = YES;
				CLANG_WARN_DEPRECATED_OBJC_IMPLEMENTATIONS = YES;
				CLANG_WARN_DIRECT_OBJC_ISA_USAGE = YES_ERROR;
				CLANG_WARN_DOCUMENTATION_COMMENTS = YES;
				CLANG_WARN_EMPTY_BODY = YES;
				CLANG_WARN_ENUM_CONVERSION = YES;
				CLANG_WARN_INFINITE_RECURSION = YES;
				CLANG_WARN_INT_CONVERSION = YES;
				CLANG_WARN_NON_LITERAL_NULL_CONVERSION = YES;
				CLANG_WARN_OBJC_IMPLICIT_RETAIN_SELF = YES;
				CLANG_WARN_OBJC_LITERAL_CONVERSION = YES;
				CLANG_WARN_OBJC_ROOT_CLASS = YES_ERROR;
				CLANG_WARN_QUOTED_INCLUDE_IN_FRAMEWORK_HEADER = YES;
				CLANG_WARN_RANGE_LOOP_ANALYSIS = YES;
				CLANG_WARN_STRICT_PROTOTYPES = YES;
				CLANG_WARN_SUSPICIOUS_MOVE = YES;
				CLANG_WARN_UNGUARDED_AVAILABILITY = YES_AGGRESSIVE;
				CLANG_WARN_UNREACHABLE_CODE = YES;
				CLANG_WARN__DUPLICATE_METHOD_MATCH = YES;
				COPY_PHASE_STRIP = NO;
				DEBUG_INFORMATION_FORMAT = dwarf;
				ENABLE_STRICT_OBJC_MSGSEND = YES;
				ENABLE_TESTABILITY = YES;
				GCC_C_LANGUAGE_STANDARD = gnu11;
				GCC_DYNAMIC_NO_PIC = NO;
				GCC_NO_COMMON_BLOCKS = YES;
				GCC_OPTIMIZATION_LEVEL = 0;
				GCC_PREPROCESSOR_DEFINITIONS = (
					"DEBUG=1",
					"$(inherited)",
				);
				GCC_WARN_64_TO_32_BIT_CONVERSION = YES;
				GCC_WARN_ABOUT_RETURN_TYPE = YES_ERROR;
				GCC_WARN_UNDECLARED_SELECTOR = YES;
				GCC_WARN_UNINITIALIZED_AUTOS = YES_AGGRESSIVE;
				GCC_WARN_UNUSED_FUNCTION = YES;
				GCC_WARN_UNUSED_VARIABLE = YES;
				IPHONEOS_DEPLOYMENT_TARGET = 15.5;
				MTL_ENABLE_DEBUG_INFO = INCLUDE_SOURCE;
				MTL_FAST_MATH = YES;
				ONLY_ACTIVE_ARCH = YES;
				SDKROOT = iphoneos;
			};
			name = Debug;
		};
		2D6A78382874A0A3008786BF /* Release */ = {
			isa = XCBuildConfiguration;
			buildSettings = {
				ALWAYS_SEARCH_USER_PATHS = NO;
				CLANG_ANALYZER_NONNULL = YES;
				CLANG_ANALYZER_NUMBER_OBJECT_CONVERSION = YES_AGGRESSIVE;
				CLANG_CXX_LANGUAGE_STANDARD = "gnu++17";
				CLANG_ENABLE_MODULES = YES;
				CLANG_ENABLE_OBJC_ARC = YES;
				CLANG_ENABLE_OBJC_WEAK = YES;
				CLANG_WARN_BLOCK_CAPTURE_AUTORELEASING = YES;
				CLANG_WARN_BOOL_CONVERSION = YES;
				CLANG_WARN_COMMA = YES;
				CLANG_WARN_CONSTANT_CONVERSION = YES;
				CLANG_WARN_DEPRECATED_OBJC_IMPLEMENTATIONS = YES;
				CLANG_WARN_DIRECT_OBJC_ISA_USAGE = YES_ERROR;
				CLANG_WARN_DOCUMENTATION_COMMENTS = YES;
				CLANG_WARN_EMPTY_BODY = YES;
				CLANG_WARN_ENUM_CONVERSION = YES;
				CLANG_WARN_INFINITE_RECURSION = YES;
				CLANG_WARN_INT_CONVERSION = YES;
				CLANG_WARN_NON_LITERAL_NULL_CONVERSION = YES;
				CLANG_WARN_OBJC_IMPLICIT_RETAIN_SELF = YES;
				CLANG_WARN_OBJC_LITERAL_CONVERSION = YES;
				CLANG_WARN_OBJC_ROOT_CLASS = YES_ERROR;
				CLANG_WARN_QUOTED_INCLUDE_IN_FRAMEWORK_HEADER = YES;
				CLANG_WARN_RANGE_LOOP_ANALYSIS = YES;
				CLANG_WARN_STRICT_PROTOTYPES = YES;
				CLANG_WARN_SUSPICIOUS_MOVE = YES;
				CLANG_WARN_UNGUARDED_AVAILABILITY = YES_AGGRESSIVE;
				CLANG_WARN_UNREACHABLE_CODE = YES;
				CLANG_WARN__DUPLICATE_METHOD_MATCH = YES;
				COPY_PHASE_STRIP = NO;
				DEBUG_INFORMATION_FORMAT = "dwarf-with-dsym";
				ENABLE_NS_ASSERTIONS = NO;
				ENABLE_STRICT_OBJC_MSGSEND = YES;
				GCC_C_LANGUAGE_STANDARD = gnu11;
				GCC_NO_COMMON_BLOCKS = YES;
				GCC_WARN_64_TO_32_BIT_CONVERSION = YES;
				GCC_WARN_ABOUT_RETURN_TYPE = YES_ERROR;
				GCC_WARN_UNDECLARED_SELECTOR = YES;
				GCC_WARN_UNINITIALIZED_AUTOS = YES_AGGRESSIVE;
				GCC_WARN_UNUSED_FUNCTION = YES;
				GCC_WARN_UNUSED_VARIABLE = YES;
				IPHONEOS_DEPLOYMENT_TARGET = 15.5;
				MTL_ENABLE_DEBUG_INFO = NO;
				MTL_FAST_MATH = YES;
				SDKROOT = iphoneos;
				VALIDATE_PRODUCT = YES;
			};
			name = Release;
		};
		2D6A783A2874A0A3008786BF /* Debug */ = {
			isa = XCBuildConfiguration;
			baseConfigurationReference = 01A6752B6E0F5894EB8E0975 /* Pods-Capstone.debug.xcconfig */;
			buildSettings = {
				ASSETCATALOG_COMPILER_APPICON_NAME = AppIcon;
				ASSETCATALOG_COMPILER_GLOBAL_ACCENT_COLOR_NAME = AccentColor;
				CODE_SIGN_STYLE = Automatic;
				CURRENT_PROJECT_VERSION = 1;
				DEVELOPMENT_TEAM = 7TA7S8XFUU;
				GENERATE_INFOPLIST_FILE = YES;
				INFOPLIST_FILE = Capstone/Info.plist;
				INFOPLIST_KEY_UIApplicationSupportsIndirectInputEvents = YES;
				INFOPLIST_KEY_UILaunchStoryboardName = LaunchScreen;
				INFOPLIST_KEY_UIMainStoryboardFile = Main;
				INFOPLIST_KEY_UISupportedInterfaceOrientations_iPad = "UIInterfaceOrientationPortrait UIInterfaceOrientationPortraitUpsideDown UIInterfaceOrientationLandscapeLeft UIInterfaceOrientationLandscapeRight";
				INFOPLIST_KEY_UISupportedInterfaceOrientations_iPhone = "UIInterfaceOrientationPortrait UIInterfaceOrientationLandscapeLeft UIInterfaceOrientationLandscapeRight";
				LD_RUNPATH_SEARCH_PATHS = (
					"$(inherited)",
					"@executable_path/Frameworks",
				);
				MARKETING_VERSION = 1.0;
				PRODUCT_BUNDLE_IDENTIFIER = com.jacquelinejou.Capstone;
				PRODUCT_NAME = "$(TARGET_NAME)";
				SWIFT_EMIT_LOC_STRINGS = YES;
				TARGETED_DEVICE_FAMILY = "1,2";
			};
			name = Debug;
		};
		2D6A783B2874A0A3008786BF /* Release */ = {
			isa = XCBuildConfiguration;
			baseConfigurationReference = 31FB5AF01B4B752ACC220811 /* Pods-Capstone.release.xcconfig */;
			buildSettings = {
				ASSETCATALOG_COMPILER_APPICON_NAME = AppIcon;
				ASSETCATALOG_COMPILER_GLOBAL_ACCENT_COLOR_NAME = AccentColor;
				CODE_SIGN_STYLE = Automatic;
				CURRENT_PROJECT_VERSION = 1;
				DEVELOPMENT_TEAM = 7TA7S8XFUU;
				GENERATE_INFOPLIST_FILE = YES;
				INFOPLIST_FILE = Capstone/Info.plist;
				INFOPLIST_KEY_UIApplicationSupportsIndirectInputEvents = YES;
				INFOPLIST_KEY_UILaunchStoryboardName = LaunchScreen;
				INFOPLIST_KEY_UIMainStoryboardFile = Main;
				INFOPLIST_KEY_UISupportedInterfaceOrientations_iPad = "UIInterfaceOrientationPortrait UIInterfaceOrientationPortraitUpsideDown UIInterfaceOrientationLandscapeLeft UIInterfaceOrientationLandscapeRight";
				INFOPLIST_KEY_UISupportedInterfaceOrientations_iPhone = "UIInterfaceOrientationPortrait UIInterfaceOrientationLandscapeLeft UIInterfaceOrientationLandscapeRight";
				LD_RUNPATH_SEARCH_PATHS = (
					"$(inherited)",
					"@executable_path/Frameworks",
				);
				MARKETING_VERSION = 1.0;
				PRODUCT_BUNDLE_IDENTIFIER = com.jacquelinejou.Capstone;
				PRODUCT_NAME = "$(TARGET_NAME)";
				SWIFT_EMIT_LOC_STRINGS = YES;
				TARGETED_DEVICE_FAMILY = "1,2";
			};
			name = Release;
		};
		2D6A783D2874A0A3008786BF /* Debug */ = {
			isa = XCBuildConfiguration;
			baseConfigurationReference = BD9E818083481B2ECD6C447D /* Pods-CapstoneTests.debug.xcconfig */;
			buildSettings = {
				BUNDLE_LOADER = "$(TEST_HOST)";
				CODE_SIGN_STYLE = Automatic;
				CURRENT_PROJECT_VERSION = 1;
				GENERATE_INFOPLIST_FILE = YES;
				IPHONEOS_DEPLOYMENT_TARGET = 15.5;
				MARKETING_VERSION = 1.0;
				PRODUCT_BUNDLE_IDENTIFIER = com.jacquelinejou.CapstoneTests;
				PRODUCT_NAME = "$(TARGET_NAME)";
				SWIFT_EMIT_LOC_STRINGS = NO;
				TARGETED_DEVICE_FAMILY = "1,2";
				TEST_HOST = "$(BUILT_PRODUCTS_DIR)/Capstone.app/Capstone";
			};
			name = Debug;
		};
		2D6A783E2874A0A3008786BF /* Release */ = {
			isa = XCBuildConfiguration;
			baseConfigurationReference = 18155111740946251A96A560 /* Pods-CapstoneTests.release.xcconfig */;
			buildSettings = {
				BUNDLE_LOADER = "$(TEST_HOST)";
				CODE_SIGN_STYLE = Automatic;
				CURRENT_PROJECT_VERSION = 1;
				GENERATE_INFOPLIST_FILE = YES;
				IPHONEOS_DEPLOYMENT_TARGET = 15.5;
				MARKETING_VERSION = 1.0;
				PRODUCT_BUNDLE_IDENTIFIER = com.jacquelinejou.CapstoneTests;
				PRODUCT_NAME = "$(TARGET_NAME)";
				SWIFT_EMIT_LOC_STRINGS = NO;
				TARGETED_DEVICE_FAMILY = "1,2";
				TEST_HOST = "$(BUILT_PRODUCTS_DIR)/Capstone.app/Capstone";
			};
			name = Release;
		};
		2D6A78402874A0A3008786BF /* Debug */ = {
			isa = XCBuildConfiguration;
			baseConfigurationReference = E7B802ECD22610D5D254E79A /* Pods-Capstone-CapstoneUITests.debug.xcconfig */;
			buildSettings = {
				CODE_SIGN_STYLE = Automatic;
				CURRENT_PROJECT_VERSION = 1;
				GENERATE_INFOPLIST_FILE = YES;
				MARKETING_VERSION = 1.0;
				PRODUCT_BUNDLE_IDENTIFIER = com.jacquelinejou.CapstoneUITests;
				PRODUCT_NAME = "$(TARGET_NAME)";
				SWIFT_EMIT_LOC_STRINGS = NO;
				TARGETED_DEVICE_FAMILY = "1,2";
				TEST_TARGET_NAME = Capstone;
			};
			name = Debug;
		};
		2D6A78412874A0A3008786BF /* Release */ = {
			isa = XCBuildConfiguration;
			baseConfigurationReference = 130FC1F3CF0454A3346C1FA9 /* Pods-Capstone-CapstoneUITests.release.xcconfig */;
			buildSettings = {
				CODE_SIGN_STYLE = Automatic;
				CURRENT_PROJECT_VERSION = 1;
				GENERATE_INFOPLIST_FILE = YES;
				MARKETING_VERSION = 1.0;
				PRODUCT_BUNDLE_IDENTIFIER = com.jacquelinejou.CapstoneUITests;
				PRODUCT_NAME = "$(TARGET_NAME)";
				SWIFT_EMIT_LOC_STRINGS = NO;
				TARGETED_DEVICE_FAMILY = "1,2";
				TEST_TARGET_NAME = Capstone;
			};
			name = Release;
		};
/* End XCBuildConfiguration section */

/* Begin XCConfigurationList section */
		2D6A78052874A0A1008786BF /* Build configuration list for PBXProject "Capstone" */ = {
			isa = XCConfigurationList;
			buildConfigurations = (
				2D6A78372874A0A3008786BF /* Debug */,
				2D6A78382874A0A3008786BF /* Release */,
			);
			defaultConfigurationIsVisible = 0;
			defaultConfigurationName = Release;
		};
		2D6A78392874A0A3008786BF /* Build configuration list for PBXNativeTarget "Capstone" */ = {
			isa = XCConfigurationList;
			buildConfigurations = (
				2D6A783A2874A0A3008786BF /* Debug */,
				2D6A783B2874A0A3008786BF /* Release */,
			);
			defaultConfigurationIsVisible = 0;
			defaultConfigurationName = Release;
		};
		2D6A783C2874A0A3008786BF /* Build configuration list for PBXNativeTarget "CapstoneTests" */ = {
			isa = XCConfigurationList;
			buildConfigurations = (
				2D6A783D2874A0A3008786BF /* Debug */,
				2D6A783E2874A0A3008786BF /* Release */,
			);
			defaultConfigurationIsVisible = 0;
			defaultConfigurationName = Release;
		};
		2D6A783F2874A0A3008786BF /* Build configuration list for PBXNativeTarget "CapstoneUITests" */ = {
			isa = XCConfigurationList;
			buildConfigurations = (
				2D6A78402874A0A3008786BF /* Debug */,
				2D6A78412874A0A3008786BF /* Release */,
			);
			defaultConfigurationIsVisible = 0;
			defaultConfigurationName = Release;
		};
/* End XCConfigurationList section */

/* Begin XCVersionGroup section */
		2DD1A7F6289456B800B3ABF1 /* Capstone.xcdatamodeld */ = {
			isa = XCVersionGroup;
			children = (
				2DD1A7F7289456B800B3ABF1 /* Capstone.xcdatamodel */,
			);
			currentVersion = 2DD1A7F7289456B800B3ABF1 /* Capstone.xcdatamodel */;
			path = Capstone.xcdatamodeld;
			sourceTree = "<group>";
			versionGroupType = wrapper.xcdatamodel;
		};
/* End XCVersionGroup section */
	};
	rootObject = 2D6A78022874A0A1008786BF /* Project object */;
}
